
Microsoft Visual Studio Solution File, Format Version 12.00
# Visual Studio Version 17
VisualStudioVersion = 17.7.34202.233
MinimumVisualStudioVersion = 10.0.40219.1
Project("{FAE04EC0-301F-11D3-BF4B-00C04F79EFBC}") = "ExercicioMatriz3", "ExercicioMatriz3\ExercicioMatriz3.csproj", "{1A46E26E-0421-41AD-A5AC-0C281E655451}"
EndProject
Global
	GlobalSection(SolutionConfigurationPlatforms) = preSolution
		Debug|Any CPU = Debug|Any CPU
		Release|Any CPU = Release|Any CPU
	EndGlobalSection
	GlobalSection(ProjectConfigurationPlatforms) = postSolution
		{1A46E26E-0421-41AD-A5AC-0C281E655451}.Debug|Any CPU.ActiveCfg = Debug|Any CPU
		{1A46E26E-0421-41AD-A5AC-0C281E655451}.Debug|Any CPU.Build.0 = Debug|Any CPU
		{1A46E26E-0421-41AD-A5AC-0C281E655451}.Release|Any CPU.ActiveCfg = Release|Any CPU
		{1A46E26E-0421-41AD-A5AC-0C281E655451}.Release|Any CPU.Build.0 = Release|Any CPU
	EndGlobalSection
	GlobalSection(SolutionProperties) = preSolution
		HideSolutionNode = FALSE
	EndGlobalSection
	GlobalSection(ExtensibilityGlobals) = postSolution
		SolutionGuid = {274A25CF-5F97-4132-A2EB-E18F064A2DC1}
	EndGlobalSection
EndGlobal
